// !$*UTF8*$!
{
	archiveVersion = 1;
	classes = {
	};
	objectVersion = 46;
	objects = {

/* Begin PBXBuildFile section */
		AB2B9BE91F4D501D00C0D4FB /* AppDelegate.swift in Sources */ = {isa = PBXBuildFile; fileRef = AB2B9BE81F4D501D00C0D4FB /* AppDelegate.swift */; };
		AB2B9BEB1F4D501D00C0D4FB /* ViewController.swift in Sources */ = {isa = PBXBuildFile; fileRef = AB2B9BEA1F4D501D00C0D4FB /* ViewController.swift */; };
		AB2B9BEE1F4D501D00C0D4FB /* Main.storyboard in Resources */ = {isa = PBXBuildFile; fileRef = AB2B9BEC1F4D501D00C0D4FB /* Main.storyboard */; };
		AB2B9BF01F4D501D00C0D4FB /* Assets.xcassets in Resources */ = {isa = PBXBuildFile; fileRef = AB2B9BEF1F4D501D00C0D4FB /* Assets.xcassets */; };
		AB2B9BF31F4D501D00C0D4FB /* LaunchScreen.storyboard in Resources */ = {isa = PBXBuildFile; fileRef = AB2B9BF11F4D501D00C0D4FB /* LaunchScreen.storyboard */; };
/* End PBXBuildFile section */

/* Begin PBXFileReference section */
		AB2B9BE51F4D501D00C0D4FB /* SearchEditor.app */ = {isa = PBXFileReference; explicitFileType = wrapper.application; includeInIndex = 0; path = SearchEditor.app; sourceTree = BUILT_PRODUCTS_DIR; };
		AB2B9BE81F4D501D00C0D4FB /* AppDelegate.swift */ = {isa = PBXFileReference; lastKnownFileType = sourcecode.swift; path = AppDelegate.swift; sourceTree = "<group>"; };
		AB2B9BEA1F4D501D00C0D4FB /* ViewController.swift */ = {isa = PBXFileReference; lastKnownFileType = sourcecode.swift; path = ViewController.swift; sourceTree = "<group>"; };
		AB2B9BED1F4D501D00C0D4FB /* Base */ = {isa = PBXFileReference; lastKnownFileType = file.storyboard; name = Base; path = Base.lproj/Main.storyboard; sourceTree = "<group>"; };
		AB2B9BEF1F4D501D00C0D4FB /* Assets.xcassets */ = {isa = PBXFileReference; lastKnownFileType = folder.assetcatalog; path = Assets.xcassets; sourceTree = "<group>"; };
		AB2B9BF21F4D501D00C0D4FB /* Base */ = {isa = PBXFileReference; lastKnownFileType = file.storyboard; name = Base; path = Base.lproj/LaunchScreen.storyboard; sourceTree = "<group>"; };
		AB2B9BF41F4D501D00C0D4FB /* Info.plist */ = {isa = PBXFileReference; lastKnownFileType = text.plist.xml; path = Info.plist; sourceTree = "<group>"; };
/* End PBXFileReference section */

/* Begin PBXFrameworksBuildPhase section */
		AB2B9BE21F4D501D00C0D4FB /* Frameworks */ = {
			isa = PBXFrameworksBuildPhase;
			buildActionMask = 2147483647;
			files = (
			);
			runOnlyForDeploymentPostprocessing = 0;
		};
/* End PBXFrameworksBuildPhase section */

/* Begin PBXGroup section */
		AB2B9BDC1F4D501D00C0D4FB = {
			isa = PBXGroup;
			children = (
				AB2B9BE71F4D501D00C0D4FB /* SearchEditor */,
				AB2B9BE61F4D501D00C0D4FB /* Products */,
			);
			sourceTree = "<group>";
		};
		AB2B9BE61F4D501D00C0D4FB /* Products */ = {
			isa = PBXGroup;
			children = (
				AB2B9BE51F4D501D00C0D4FB /* SearchEditor.app */,
			);
			name = Products;
			sourceTree = "<group>";
		};
		AB2B9BE71F4D501D00C0D4FB /* SearchEditor */ = {
			isa = PBXGroup;
			children = (
				AB2B9BE81F4D501D00C0D4FB /* AppDelegate.swift */,
				AB2B9BEA1F4D501D00C0D4FB /* ViewController.swift */,
				AB2B9BEC1F4D501D00C0D4FB /* Main.storyboard */,
				AB2B9BEF1F4D501D00C0D4FB /* Assets.xcassets */,
				AB2B9BF11F4D501D00C0D4FB /* LaunchScreen.storyboard */,
				AB2B9BF41F4D501D00C0D4FB /* Info.plist */,
			);
			path = SearchEditor;
			sourceTree = "<group>";
		};
/* End PBXGroup section */

/* Begin PBXNativeTarget section */
		AB2B9BE41F4D501D00C0D4FB /* SearchEditor */ = {
			isa = PBXNativeTarget;
			buildConfigurationList = AB2B9BF71F4D501D00C0D4FB /* Build configuration list for PBXNativeTarget "SearchEditor" */;
			buildPhases = (
				AB2B9BE11F4D501D00C0D4FB /* Sources */,
				AB2B9BE21F4D501D00C0D4FB /* Frameworks */,
				AB2B9BE31F4D501D00C0D4FB /* Resources */,
			);
			buildRules = (
			);
			dependencies = (
			);
			name = SearchEditor;
			productName = SearchEditor;
			productReference = AB2B9BE51F4D501D00C0D4FB /* SearchEditor.app */;
			productType = "com.apple.product-type.application";
		};
/* End PBXNativeTarget section */

/* Begin PBXProject section */
		AB2B9BDD1F4D501D00C0D4FB /* Project object */ = {
			isa = PBXProject;
			attributes = {
				LastSwiftUpdateCheck = 0830;
				LastUpgradeCheck = 0830;
				ORGANIZATIONNAME = nttr;
				TargetAttributes = {
					AB2B9BE41F4D501D00C0D4FB = {
						CreatedOnToolsVersion = 8.3.3;
						ProvisioningStyle = Automatic;
					};
				};
			};
			buildConfigurationList = AB2B9BE01F4D501D00C0D4FB /* Build configuration list for PBXProject "SearchEditor" */;
			compatibilityVersion = "Xcode 3.2";
			developmentRegion = English;
			hasScannedForEncodings = 0;
			knownRegions = (
				en,
				Base,
			);
			mainGroup = AB2B9BDC1F4D501D00C0D4FB;
			productRefGroup = AB2B9BE61F4D501D00C0D4FB /* Products */;
			projectDirPath = "";
			projectRoot = "";
			targets = (
				AB2B9BE41F4D501D00C0D4FB /* SearchEditor */,
			);
		};
/* End PBXProject section */

/* Begin PBXResourcesBuildPhase section */
		AB2B9BE31F4D501D00C0D4FB /* Resources */ = {
			isa = PBXResourcesBuildPhase;
			buildActionMask = 2147483647;
			files = (
				AB2B9BF31F4D501D00C0D4FB /* LaunchScreen.storyboard in Resources */,
				AB2B9BF01F4D501D00C0D4FB /* Assets.xcassets in Resources */,
				AB2B9BEE1F4D501D00C0D4FB /* Main.storyboard in Resources */,
			);
			runOnlyForDeploymentPostprocessing = 0;
		};
/* End PBXResourcesBuildPhase section */

/* Begin PBXSourcesBuildPhase section */
		AB2B9BE11F4D501D00C0D4FB /* Sources */ = {
			isa = PBXSourcesBuildPhase;
			buildActionMask = 2147483647;
			files = (
				AB2B9BEB1F4D501D00C0D4FB /* ViewController.swift in Sources */,
				AB2B9BE91F4D501D00C0D4FB /* AppDelegate.swift in Sources */,
			);
			runOnlyForDeploymentPostprocessing = 0;
		};
/* End PBXSourcesBuildPhase section */

/* Begin PBXVariantGroup section */
		AB2B9BEC1F4D501D00C0D4FB /* Main.storyboard */ = {
			isa = PBXVariantGroup;
			children = (
				AB2B9BED1F4D501D00C0D4FB /* Base */,
			);
			name = Main.storyboard;
			sourceTree = "<group>";
		};
		AB2B9BF11F4D501D00C0D4FB /* LaunchScreen.storyboard */ = {
			isa = PBXVariantGroup;
			children = (
				AB2B9BF21F4D501D00C0D4FB /* Base */,
			);
			name = LaunchScreen.storyboard;
			sourceTree = "<group>";
		};
/* End PBXVariantGroup section */

/* Begin XCBuildConfiguration section */
		AB2B9BF51F4D501D00C0D4FB /* Debug */ = {
			isa = XCBuildConfiguration;
			buildSettings = {
				ALWAYS_SEARCH_USER_PATHS = NO;
				CLANG_ANALYZER_NONNULL = YES;
				CLANG_ANALYZER_NUMBER_OBJECT_CONVERSION = YES_AGGRESSIVE;
				CLANG_CXX_LANGUAGE_STANDARD = "gnu++0x";
				CLANG_CXX_LIBRARY = "libc++";
				CLANG_ENABLE_MODULES = YES;
				CLANG_ENABLE_OBJC_ARC = YES;
				CLANG_WARN_BOOL_CONVERSION = YES;
				CLANG_WARN_CONSTANT_CONVERSION = YES;
				CLANG_WARN_DIRECT_OBJC_ISA_USAGE = YES_ERROR;
				CLANG_WARN_DOCUMENTATION_COMMENTS = YES;
				CLANG_WARN_EMPTY_BODY = YES;
				CLANG_WARN_ENUM_CONVERSION = YES;
				CLANG_WARN_INFINITE_RECURSION = YES;
				CLANG_WARN_INT_CONVERSION = YES;
				CLANG_WARN_OBJC_ROOT_CLASS = YES_ERROR;
				CLANG_WARN_SUSPICIOUS_MOVE = YES;
				CLANG_WARN_UNREACHABLE_CODE = YES;
				CLANG_WARN__DUPLICATE_METHOD_MATCH = YES;
				"CODE_SIGN_IDENTITY[sdk=iphoneos*]" = "iPhone Developer";
				COPY_PHASE_STRIP = NO;
				DEBUG_INFORMATION_FORMAT = dwarf;
				ENABLE_STRICT_OBJC_MSGSEND = YES;
				ENABLE_TESTABILITY = YES;
				GCC_C_LANGUAGE_STANDARD = gnu99;
				GCC_DYNAMIC_NO_PIC = NO;
				GCC_NO_COMMON_BLOCKS = YES;
				GCC_OPTIMIZATION_LEVEL = 0;
				GCC_PREPROCESSOR_DEFINITIONS = (
					"DEBUG=1",
					"$(inherited)",
				);
				GCC_WARN_64_TO_32_BIT_CONVERSION = YES;
				GCC_WARN_ABOUT_RETURN_TYPE = YES_ERROR;
				GCC_WARN_UNDECLARED_SELECTOR = YES;
				GCC_WARN_UNINITIALIZED_AUTOS = YES_AGGRESSIVE;
				GCC_WARN_UNUSED_FUNCTION = YES;
				GCC_WARN_UNUSED_VARIABLE = YES;
				IPHONEOS_DEPLOYMENT_TARGET = 10.3;
				MTL_ENABLE_DEBUG_INFO = YES;
				ONLY_ACTIVE_ARCH = YES;
				SDKROOT = iphoneos;
				SWIFT_ACTIVE_COMPILATION_CONDITIONS = DEBUG;
				SWIFT_OPTIMIZATION_LEVEL = "-Onone";
			};
			name = Debug;
		};
		AB2B9BF61F4D501D00C0D4FB /* Release */ = {
			isa = XCBuildConfiguration;
			buildSettings = {
				ALWAYS_SEARCH_USER_PATHS = NO;
				CLANG_ANALYZER_NONNULL = YES;
				CLANG_ANALYZER_NUMBER_OBJECT_CONVERSION = YES_AGGRESSIVE;
				CLANG_CXX_LANGUAGE_STANDARD = "gnu++0x";
				CLANG_CXX_LIBRARY = "libc++";
				CLANG_ENABLE_MODULES = YES;
				CLANG_ENABLE_OBJC_ARC = YES;
				CLANG_WARN_BOOL_CONVERSION = YES;
				CLANG_WARN_CONSTANT_CONVERSION = YES;
				CLANG_WARN_DIRECT_OBJC_ISA_USAGE = YES_ERROR;
				CLANG_WARN_DOCUMENTATION_COMMENTS = YES;
				CLANG_WARN_EMPTY_BODY = YES;
				CLANG_WARN_ENUM_CONVERSION = YES;
				CLANG_WARN_INFINITE_RECURSION = YES;
				CLANG_WARN_INT_CONVERSION = YES;
				CLANG_WARN_OBJC_ROOT_CLASS = YES_ERROR;
				CLANG_WARN_SUSPICIOUS_MOVE = YES;
				CLANG_WARN_UNREACHABLE_CODE = YES;
				CLANG_WARN__DUPLICATE_METHOD_MATCH = YES;
				"CODE_SIGN_IDENTITY[sdk=iphoneos*]" = "iPhone Developer";
				COPY_PHASE_STRIP = NO;
				DEBUG_INFORMATION_FORMAT = "dwarf-with-dsym";
				ENABLE_NS_ASSERTIONS = NO;
				ENABLE_STRICT_OBJC_MSGSEND = YES;
				GCC_C_LANGUAGE_STANDARD = gnu99;
				GCC_NO_COMMON_BLOCKS = YES;
				GCC_WARN_64_TO_32_BIT_CONVERSION = YES;
				GCC_WARN_ABOUT_RETURN_TYPE = YES_ERROR;
				GCC_WARN_UNDECLARED_SELECTOR = YES;
				GCC_WARN_UNINITIALIZED_AUTOS = YES_AGGRESSIVE;
				GCC_WARN_UNUSED_FUNCTION = YES;
				GCC_WARN_UNUSED_VARIABLE = YES;
				IPHONEOS_DEPLOYMENT_TARGET = 10.3;
				MTL_ENABLE_DEBUG_INFO = NO;
				SDKROOT = iphoneos;
				SWIFT_OPTIMIZATION_LEVEL = "-Owholemodule";
				VALIDATE_PRODUCT = YES;
			};
			name = Release;
		};
		AB2B9BF81F4D501D00C0D4FB /* Debug */ = {
			isa = XCBuildConfiguration;
			buildSettings = {
				ASSETCATALOG_COMPILER_APPICON_NAME = AppIcon;
				INFOPLIST_FILE = SearchEditor/Info.plist;
				LD_RUNPATH_SEARCH_PATHS = "$(inherited) @executable_path/Frameworks";
				PRODUCT_BUNDLE_IDENTIFIER = tsukushi.com.SearchEditor;
				PRODUCT_NAME = "$(TARGET_NAME)";
				SWIFT_VERSION = 3.0;
			};
			name = Debug;
		};
		AB2B9BF91F4D501D00C0D4FB /* Release */ = {
			isa = XCBuildConfiguration;
			buildSettings = {
				ASSETCATALOG_COMPILER_APPICON_NAME = AppIcon;
				INFOPLIST_FILE = SearchEditor/Info.plist;
				LD_RUNPATH_SEARCH_PATHS = "$(inherited) @executable_path/Frameworks";
				PRODUCT_BUNDLE_IDENTIFIER = tsukushi.com.SearchEditor;
				PRODUCT_NAME = "$(TARGET_NAME)";
				SWIFT_VERSION = 3.0;
			};
			name = Release;
		};
/* End XCBuildConfiguration section */

/* Begin XCConfigurationList section */
		AB2B9BE01F4D501D00C0D4FB /* Build configuration list for PBXProject "SearchEditor" */ = {
			isa = XCConfigurationList;
			buildConfigurations = (
				AB2B9BF51F4D501D00C0D4FB /* Debug */,
				AB2B9BF61F4D501D00C0D4FB /* Release */,
			);
			defaultConfigurationIsVisible = 0;
			defaultConfigurationName = Release;
		};
		AB2B9BF71F4D501D00C0D4FB /* Build configuration list for PBXNativeTarget "SearchEditor" */ = {
			isa = XCConfigurationList;
			buildConfigurations = (
				AB2B9BF81F4D501D00C0D4FB /* Debug */,
				AB2B9BF91F4D501D00C0D4FB /* Release */,
			);
			defaultConfigurationIsVisible = 0;
		};
/* End XCConfigurationList section */
	};
	rootObject = AB2B9BDD1F4D501D00C0D4FB /* Project object */;
}
