// !$*UTF8*$!
{
	archiveVersion = 1;
	classes = {
	};
	objectVersion = 46;
	objects = {

/* Begin PBXBuildFile section */
		06347FAA75C40410AB7CD9A4 /* Pods_SearchEditor.framework in Frameworks */ = {isa = PBXBuildFile; fileRef = 83F138F35FFF3FA9763B7914 /* Pods_SearchEditor.framework */; };
		AB04600A1F6685B6003572EF /* MemoViewController.swift in Sources */ = {isa = PBXBuildFile; fileRef = AB0460091F6685B6003572EF /* MemoViewController.swift */; };
		AB05AA651F81C58B00733C84 /* SiteCollectionViewCell.swift in Sources */ = {isa = PBXBuildFile; fileRef = AB05AA631F81C58B00733C84 /* SiteCollectionViewCell.swift */; };
		AB05AA661F81C58B00733C84 /* SiteCollectionViewCell.xib in Resources */ = {isa = PBXBuildFile; fileRef = AB05AA641F81C58B00733C84 /* SiteCollectionViewCell.xib */; };
		AB2B9BE91F4D501D00C0D4FB /* AppDelegate.swift in Sources */ = {isa = PBXBuildFile; fileRef = AB2B9BE81F4D501D00C0D4FB /* AppDelegate.swift */; };
		AB2B9BEB1F4D501D00C0D4FB /* ViewController.swift in Sources */ = {isa = PBXBuildFile; fileRef = AB2B9BEA1F4D501D00C0D4FB /* ViewController.swift */; };
		AB2B9BEE1F4D501D00C0D4FB /* Main.storyboard in Resources */ = {isa = PBXBuildFile; fileRef = AB2B9BEC1F4D501D00C0D4FB /* Main.storyboard */; };
		AB2B9BF01F4D501D00C0D4FB /* Assets.xcassets in Resources */ = {isa = PBXBuildFile; fileRef = AB2B9BEF1F4D501D00C0D4FB /* Assets.xcassets */; };
		AB2B9BF31F4D501D00C0D4FB /* LaunchScreen.storyboard in Resources */ = {isa = PBXBuildFile; fileRef = AB2B9BF11F4D501D00C0D4FB /* LaunchScreen.storyboard */; };
		AB4EB4461F67694C00B2F73E /* MemoTableViewCell.swift in Sources */ = {isa = PBXBuildFile; fileRef = AB4EB4441F67694C00B2F73E /* MemoTableViewCell.swift */; };
		AB4EB4471F67694C00B2F73E /* MemoTableViewCell.xib in Resources */ = {isa = PBXBuildFile; fileRef = AB4EB4451F67694C00B2F73E /* MemoTableViewCell.xib */; };
		AB58D02F1F68E7EE00297375 /* goo_logo.png in Resources */ = {isa = PBXBuildFile; fileRef = AB58D02E1F68E7EE00297375 /* goo_logo.png */; };
		AB58D0311F68E86100297375 /* amazon_logo.png in Resources */ = {isa = PBXBuildFile; fileRef = AB58D0301F68E86100297375 /* amazon_logo.png */; };
		AB6789B61F4ED4F200F232EF /* SearchViewController.swift in Sources */ = {isa = PBXBuildFile; fileRef = AB6789B51F4ED4F200F232EF /* SearchViewController.swift */; };
		AB7601F81F677D9300B9D058 /* noimage.jpg in Resources */ = {isa = PBXBuildFile; fileRef = AB7601F71F677D9300B9D058 /* noimage.jpg */; };
		AB7602101F67E2A400B9D058 /* Icon-App-20x20@1x.png in Resources */ = {isa = PBXBuildFile; fileRef = AB7601FA1F67E2A400B9D058 /* Icon-App-20x20@1x.png */; };
		AB7602111F67E2A400B9D058 /* Icon-App-20x20@2x.png in Resources */ = {isa = PBXBuildFile; fileRef = AB7601FB1F67E2A400B9D058 /* Icon-App-20x20@2x.png */; };
		AB7602121F67E2A400B9D058 /* Icon-App-20x20@3x.png in Resources */ = {isa = PBXBuildFile; fileRef = AB7601FC1F67E2A400B9D058 /* Icon-App-20x20@3x.png */; };
		AB7602131F67E2A400B9D058 /* Icon-App-29x29@1x.png in Resources */ = {isa = PBXBuildFile; fileRef = AB7601FD1F67E2A400B9D058 /* Icon-App-29x29@1x.png */; };
		AB7602141F67E2A400B9D058 /* Icon-App-29x29@2x.png in Resources */ = {isa = PBXBuildFile; fileRef = AB7601FE1F67E2A400B9D058 /* Icon-App-29x29@2x.png */; };
		AB7602151F67E2A400B9D058 /* Icon-App-29x29@3x.png in Resources */ = {isa = PBXBuildFile; fileRef = AB7601FF1F67E2A400B9D058 /* Icon-App-29x29@3x.png */; };
		AB7602161F67E2A400B9D058 /* Icon-App-40x40@1x.png in Resources */ = {isa = PBXBuildFile; fileRef = AB7602001F67E2A400B9D058 /* Icon-App-40x40@1x.png */; };
		AB7602171F67E2A400B9D058 /* Icon-App-40x40@2x.png in Resources */ = {isa = PBXBuildFile; fileRef = AB7602011F67E2A400B9D058 /* Icon-App-40x40@2x.png */; };
		AB7602181F67E2A400B9D058 /* Icon-App-40x40@3x.png in Resources */ = {isa = PBXBuildFile; fileRef = AB7602021F67E2A400B9D058 /* Icon-App-40x40@3x.png */; };
		AB7602191F67E2A400B9D058 /* Icon-App-57x57@1x.png in Resources */ = {isa = PBXBuildFile; fileRef = AB7602031F67E2A400B9D058 /* Icon-App-57x57@1x.png */; };
		AB76021A1F67E2A400B9D058 /* Icon-App-57x57@2x.png in Resources */ = {isa = PBXBuildFile; fileRef = AB7602041F67E2A400B9D058 /* Icon-App-57x57@2x.png */; };
		AB76021B1F67E2A400B9D058 /* Icon-App-60x60@1x.png in Resources */ = {isa = PBXBuildFile; fileRef = AB7602051F67E2A400B9D058 /* Icon-App-60x60@1x.png */; };
		AB76021C1F67E2A400B9D058 /* Icon-App-60x60@2x.png in Resources */ = {isa = PBXBuildFile; fileRef = AB7602061F67E2A400B9D058 /* Icon-App-60x60@2x.png */; };
		AB76021D1F67E2A400B9D058 /* Icon-App-60x60@3x.png in Resources */ = {isa = PBXBuildFile; fileRef = AB7602071F67E2A400B9D058 /* Icon-App-60x60@3x.png */; };
		AB76021E1F67E2A400B9D058 /* Icon-App-72x72@1x.png in Resources */ = {isa = PBXBuildFile; fileRef = AB7602081F67E2A400B9D058 /* Icon-App-72x72@1x.png */; };
		AB76021F1F67E2A400B9D058 /* Icon-App-72x72@2x.png in Resources */ = {isa = PBXBuildFile; fileRef = AB7602091F67E2A400B9D058 /* Icon-App-72x72@2x.png */; };
		AB7602201F67E2A400B9D058 /* Icon-App-76x76@1x.png in Resources */ = {isa = PBXBuildFile; fileRef = AB76020A1F67E2A400B9D058 /* Icon-App-76x76@1x.png */; };
		AB7602211F67E2A400B9D058 /* Icon-App-76x76@2x.png in Resources */ = {isa = PBXBuildFile; fileRef = AB76020B1F67E2A400B9D058 /* Icon-App-76x76@2x.png */; };
		AB7602221F67E2A400B9D058 /* Icon-App-76x76@3x.png in Resources */ = {isa = PBXBuildFile; fileRef = AB76020C1F67E2A400B9D058 /* Icon-App-76x76@3x.png */; };
		AB7602231F67E2A400B9D058 /* Icon-App-83.5x83.5@2x.png in Resources */ = {isa = PBXBuildFile; fileRef = AB76020D1F67E2A400B9D058 /* Icon-App-83.5x83.5@2x.png */; };
		AB7602241F67E2A400B9D058 /* Icon-Small-50x50@1x.png in Resources */ = {isa = PBXBuildFile; fileRef = AB76020E1F67E2A400B9D058 /* Icon-Small-50x50@1x.png */; };
		AB7602251F67E2A400B9D058 /* Icon-Small-50x50@2x.png in Resources */ = {isa = PBXBuildFile; fileRef = AB76020F1F67E2A400B9D058 /* Icon-Small-50x50@2x.png */; };
		AB794E801F56935600325804 /* background.jpg in Resources */ = {isa = PBXBuildFile; fileRef = AB794E7F1F56935600325804 /* background.jpg */; };
		ABB3B9E61F83CAE50062CE13 /* addIcon.png in Resources */ = {isa = PBXBuildFile; fileRef = ABB3B9E51F83CAE50062CE13 /* addIcon.png */; };
		ABC2C9171F7B7B5700EB6C59 /* EditSitesViewController.swift in Sources */ = {isa = PBXBuildFile; fileRef = ABC2C9161F7B7B5700EB6C59 /* EditSitesViewController.swift */; };
		ABC2C9191F7B809A00EB6C59 /* EditSiteDetailViewController.swift in Sources */ = {isa = PBXBuildFile; fileRef = ABC2C9181F7B809A00EB6C59 /* EditSiteDetailViewController.swift */; };
/* End PBXBuildFile section */

/* Begin PBXFileReference section */
		83F138F35FFF3FA9763B7914 /* Pods_SearchEditor.framework */ = {isa = PBXFileReference; explicitFileType = wrapper.framework; includeInIndex = 0; path = Pods_SearchEditor.framework; sourceTree = BUILT_PRODUCTS_DIR; };
		8478717D2665A10B118CB845 /* Pods-SearchEditor.debug.xcconfig */ = {isa = PBXFileReference; includeInIndex = 1; lastKnownFileType = text.xcconfig; name = "Pods-SearchEditor.debug.xcconfig"; path = "Pods/Target Support Files/Pods-SearchEditor/Pods-SearchEditor.debug.xcconfig"; sourceTree = "<group>"; };
		AB0460091F6685B6003572EF /* MemoViewController.swift */ = {isa = PBXFileReference; fileEncoding = 4; lastKnownFileType = sourcecode.swift; path = MemoViewController.swift; sourceTree = "<group>"; };
		AB05AA631F81C58B00733C84 /* SiteCollectionViewCell.swift */ = {isa = PBXFileReference; fileEncoding = 4; lastKnownFileType = sourcecode.swift; path = SiteCollectionViewCell.swift; sourceTree = "<group>"; };
		AB05AA641F81C58B00733C84 /* SiteCollectionViewCell.xib */ = {isa = PBXFileReference; fileEncoding = 4; lastKnownFileType = file.xib; path = SiteCollectionViewCell.xib; sourceTree = "<group>"; };
		AB2B9BE51F4D501D00C0D4FB /* SearchEditor.app */ = {isa = PBXFileReference; explicitFileType = wrapper.application; includeInIndex = 0; path = SearchEditor.app; sourceTree = BUILT_PRODUCTS_DIR; };
		AB2B9BE81F4D501D00C0D4FB /* AppDelegate.swift */ = {isa = PBXFileReference; lastKnownFileType = sourcecode.swift; path = AppDelegate.swift; sourceTree = "<group>"; };
		AB2B9BEA1F4D501D00C0D4FB /* ViewController.swift */ = {isa = PBXFileReference; lastKnownFileType = sourcecode.swift; path = ViewController.swift; sourceTree = "<group>"; };
		AB2B9BED1F4D501D00C0D4FB /* Base */ = {isa = PBXFileReference; lastKnownFileType = file.storyboard; name = Base; path = Base.lproj/Main.storyboard; sourceTree = "<group>"; };
		AB2B9BEF1F4D501D00C0D4FB /* Assets.xcassets */ = {isa = PBXFileReference; lastKnownFileType = folder.assetcatalog; path = Assets.xcassets; sourceTree = "<group>"; };
		AB2B9BF21F4D501D00C0D4FB /* Base */ = {isa = PBXFileReference; lastKnownFileType = file.storyboard; name = Base; path = Base.lproj/LaunchScreen.storyboard; sourceTree = "<group>"; };
		AB2B9BF41F4D501D00C0D4FB /* Info.plist */ = {isa = PBXFileReference; lastKnownFileType = text.plist.xml; path = Info.plist; sourceTree = "<group>"; };
		AB4EB4441F67694C00B2F73E /* MemoTableViewCell.swift */ = {isa = PBXFileReference; fileEncoding = 4; lastKnownFileType = sourcecode.swift; path = MemoTableViewCell.swift; sourceTree = "<group>"; };
		AB4EB4451F67694C00B2F73E /* MemoTableViewCell.xib */ = {isa = PBXFileReference; fileEncoding = 4; lastKnownFileType = file.xib; path = MemoTableViewCell.xib; sourceTree = "<group>"; };
		AB58D02E1F68E7EE00297375 /* goo_logo.png */ = {isa = PBXFileReference; lastKnownFileType = image.png; path = goo_logo.png; sourceTree = "<group>"; };
		AB58D0301F68E86100297375 /* amazon_logo.png */ = {isa = PBXFileReference; lastKnownFileType = image.png; path = amazon_logo.png; sourceTree = "<group>"; };
		AB6789B51F4ED4F200F232EF /* SearchViewController.swift */ = {isa = PBXFileReference; fileEncoding = 4; lastKnownFileType = sourcecode.swift; path = SearchViewController.swift; sourceTree = "<group>"; };
		AB7601F71F677D9300B9D058 /* noimage.jpg */ = {isa = PBXFileReference; lastKnownFileType = image.jpeg; path = noimage.jpg; sourceTree = "<group>"; };
		AB7601FA1F67E2A400B9D058 /* Icon-App-20x20@1x.png */ = {isa = PBXFileReference; lastKnownFileType = image.png; path = "Icon-App-20x20@1x.png"; sourceTree = "<group>"; };
		AB7601FB1F67E2A400B9D058 /* Icon-App-20x20@2x.png */ = {isa = PBXFileReference; lastKnownFileType = image.png; path = "Icon-App-20x20@2x.png"; sourceTree = "<group>"; };
		AB7601FC1F67E2A400B9D058 /* Icon-App-20x20@3x.png */ = {isa = PBXFileReference; lastKnownFileType = image.png; path = "Icon-App-20x20@3x.png"; sourceTree = "<group>"; };
		AB7601FD1F67E2A400B9D058 /* Icon-App-29x29@1x.png */ = {isa = PBXFileReference; lastKnownFileType = image.png; path = "Icon-App-29x29@1x.png"; sourceTree = "<group>"; };
		AB7601FE1F67E2A400B9D058 /* Icon-App-29x29@2x.png */ = {isa = PBXFileReference; lastKnownFileType = image.png; path = "Icon-App-29x29@2x.png"; sourceTree = "<group>"; };
		AB7601FF1F67E2A400B9D058 /* Icon-App-29x29@3x.png */ = {isa = PBXFileReference; lastKnownFileType = image.png; path = "Icon-App-29x29@3x.png"; sourceTree = "<group>"; };
		AB7602001F67E2A400B9D058 /* Icon-App-40x40@1x.png */ = {isa = PBXFileReference; lastKnownFileType = image.png; path = "Icon-App-40x40@1x.png"; sourceTree = "<group>"; };
		AB7602011F67E2A400B9D058 /* Icon-App-40x40@2x.png */ = {isa = PBXFileReference; lastKnownFileType = image.png; path = "Icon-App-40x40@2x.png"; sourceTree = "<group>"; };
		AB7602021F67E2A400B9D058 /* Icon-App-40x40@3x.png */ = {isa = PBXFileReference; lastKnownFileType = image.png; path = "Icon-App-40x40@3x.png"; sourceTree = "<group>"; };
		AB7602031F67E2A400B9D058 /* Icon-App-57x57@1x.png */ = {isa = PBXFileReference; lastKnownFileType = image.png; path = "Icon-App-57x57@1x.png"; sourceTree = "<group>"; };
		AB7602041F67E2A400B9D058 /* Icon-App-57x57@2x.png */ = {isa = PBXFileReference; lastKnownFileType = image.png; path = "Icon-App-57x57@2x.png"; sourceTree = "<group>"; };
		AB7602051F67E2A400B9D058 /* Icon-App-60x60@1x.png */ = {isa = PBXFileReference; lastKnownFileType = image.png; path = "Icon-App-60x60@1x.png"; sourceTree = "<group>"; };
		AB7602061F67E2A400B9D058 /* Icon-App-60x60@2x.png */ = {isa = PBXFileReference; lastKnownFileType = image.png; path = "Icon-App-60x60@2x.png"; sourceTree = "<group>"; };
		AB7602071F67E2A400B9D058 /* Icon-App-60x60@3x.png */ = {isa = PBXFileReference; lastKnownFileType = image.png; path = "Icon-App-60x60@3x.png"; sourceTree = "<group>"; };
		AB7602081F67E2A400B9D058 /* Icon-App-72x72@1x.png */ = {isa = PBXFileReference; lastKnownFileType = image.png; path = "Icon-App-72x72@1x.png"; sourceTree = "<group>"; };
		AB7602091F67E2A400B9D058 /* Icon-App-72x72@2x.png */ = {isa = PBXFileReference; lastKnownFileType = image.png; path = "Icon-App-72x72@2x.png"; sourceTree = "<group>"; };
		AB76020A1F67E2A400B9D058 /* Icon-App-76x76@1x.png */ = {isa = PBXFileReference; lastKnownFileType = image.png; path = "Icon-App-76x76@1x.png"; sourceTree = "<group>"; };
		AB76020B1F67E2A400B9D058 /* Icon-App-76x76@2x.png */ = {isa = PBXFileReference; lastKnownFileType = image.png; path = "Icon-App-76x76@2x.png"; sourceTree = "<group>"; };
		AB76020C1F67E2A400B9D058 /* Icon-App-76x76@3x.png */ = {isa = PBXFileReference; lastKnownFileType = image.png; path = "Icon-App-76x76@3x.png"; sourceTree = "<group>"; };
		AB76020D1F67E2A400B9D058 /* Icon-App-83.5x83.5@2x.png */ = {isa = PBXFileReference; lastKnownFileType = image.png; path = "Icon-App-83.5x83.5@2x.png"; sourceTree = "<group>"; };
		AB76020E1F67E2A400B9D058 /* Icon-Small-50x50@1x.png */ = {isa = PBXFileReference; lastKnownFileType = image.png; path = "Icon-Small-50x50@1x.png"; sourceTree = "<group>"; };
		AB76020F1F67E2A400B9D058 /* Icon-Small-50x50@2x.png */ = {isa = PBXFileReference; lastKnownFileType = image.png; path = "Icon-Small-50x50@2x.png"; sourceTree = "<group>"; };
		AB794E7F1F56935600325804 /* background.jpg */ = {isa = PBXFileReference; lastKnownFileType = image.jpeg; path = background.jpg; sourceTree = "<group>"; };
		ABB3B9E51F83CAE50062CE13 /* addIcon.png */ = {isa = PBXFileReference; lastKnownFileType = image.png; path = addIcon.png; sourceTree = "<group>"; };
		ABC2C9161F7B7B5700EB6C59 /* EditSitesViewController.swift */ = {isa = PBXFileReference; fileEncoding = 4; lastKnownFileType = sourcecode.swift; path = EditSitesViewController.swift; sourceTree = "<group>"; };
		ABC2C9181F7B809A00EB6C59 /* EditSiteDetailViewController.swift */ = {isa = PBXFileReference; fileEncoding = 4; lastKnownFileType = sourcecode.swift; path = EditSiteDetailViewController.swift; sourceTree = "<group>"; };
		D0D5381CCCD61DDB025D91EE /* Pods-SearchEditor.release.xcconfig */ = {isa = PBXFileReference; includeInIndex = 1; lastKnownFileType = text.xcconfig; name = "Pods-SearchEditor.release.xcconfig"; path = "Pods/Target Support Files/Pods-SearchEditor/Pods-SearchEditor.release.xcconfig"; sourceTree = "<group>"; };
/* End PBXFileReference section */

/* Begin PBXFrameworksBuildPhase section */
		AB2B9BE21F4D501D00C0D4FB /* Frameworks */ = {
			isa = PBXFrameworksBuildPhase;
			buildActionMask = 2147483647;
			files = (
				06347FAA75C40410AB7CD9A4 /* Pods_SearchEditor.framework in Frameworks */,
			);
			runOnlyForDeploymentPostprocessing = 0;
		};
/* End PBXFrameworksBuildPhase section */

/* Begin PBXGroup section */
		14D2A41A39D7EA7AD53B81D1 /* Pods */ = {
			isa = PBXGroup;
			children = (
				8478717D2665A10B118CB845 /* Pods-SearchEditor.debug.xcconfig */,
				D0D5381CCCD61DDB025D91EE /* Pods-SearchEditor.release.xcconfig */,
			);
			name = Pods;
			sourceTree = "<group>";
		};
		482087CF3FA843420A774ADF /* Frameworks */ = {
			isa = PBXGroup;
			children = (
				83F138F35FFF3FA9763B7914 /* Pods_SearchEditor.framework */,
			);
			name = Frameworks;
			sourceTree = "<group>";
		};
		AB2B9BDC1F4D501D00C0D4FB = {
			isa = PBXGroup;
			children = (
				AB794E7E1F56934400325804 /* images */,
				AB2B9BE71F4D501D00C0D4FB /* SearchEditor */,
				AB2B9BE61F4D501D00C0D4FB /* Products */,
				14D2A41A39D7EA7AD53B81D1 /* Pods */,
				482087CF3FA843420A774ADF /* Frameworks */,
			);
			sourceTree = "<group>";
		};
		AB2B9BE61F4D501D00C0D4FB /* Products */ = {
			isa = PBXGroup;
			children = (
				AB2B9BE51F4D501D00C0D4FB /* SearchEditor.app */,
			);
			name = Products;
			sourceTree = "<group>";
		};
		AB2B9BE71F4D501D00C0D4FB /* SearchEditor */ = {
			isa = PBXGroup;
			children = (
				AB2B9BE81F4D501D00C0D4FB /* AppDelegate.swift */,
				AB2B9BEA1F4D501D00C0D4FB /* ViewController.swift */,
				AB05AA631F81C58B00733C84 /* SiteCollectionViewCell.swift */,
				AB05AA641F81C58B00733C84 /* SiteCollectionViewCell.xib */,
				AB2B9BEC1F4D501D00C0D4FB /* Main.storyboard */,
				AB4EB4441F67694C00B2F73E /* MemoTableViewCell.swift */,
				AB4EB4451F67694C00B2F73E /* MemoTableViewCell.xib */,
				AB0460091F6685B6003572EF /* MemoViewController.swift */,
				AB2B9BEF1F4D501D00C0D4FB /* Assets.xcassets */,
				AB2B9BF11F4D501D00C0D4FB /* LaunchScreen.storyboard */,
				AB2B9BF41F4D501D00C0D4FB /* Info.plist */,
				AB6789B51F4ED4F200F232EF /* SearchViewController.swift */,
				ABC2C9161F7B7B5700EB6C59 /* EditSitesViewController.swift */,
				ABC2C9181F7B809A00EB6C59 /* EditSiteDetailViewController.swift */,
			);
			path = SearchEditor;
			sourceTree = "<group>";
		};
		AB7601F91F67E27000B9D058 /* icon */ = {
			isa = PBXGroup;
			children = (
				AB7601FA1F67E2A400B9D058 /* Icon-App-20x20@1x.png */,
				AB7601FB1F67E2A400B9D058 /* Icon-App-20x20@2x.png */,
				AB7601FC1F67E2A400B9D058 /* Icon-App-20x20@3x.png */,
				AB7601FD1F67E2A400B9D058 /* Icon-App-29x29@1x.png */,
				AB7601FE1F67E2A400B9D058 /* Icon-App-29x29@2x.png */,
				AB7601FF1F67E2A400B9D058 /* Icon-App-29x29@3x.png */,
				AB7602001F67E2A400B9D058 /* Icon-App-40x40@1x.png */,
				AB7602011F67E2A400B9D058 /* Icon-App-40x40@2x.png */,
				AB7602021F67E2A400B9D058 /* Icon-App-40x40@3x.png */,
				AB7602031F67E2A400B9D058 /* Icon-App-57x57@1x.png */,
				AB7602041F67E2A400B9D058 /* Icon-App-57x57@2x.png */,
				AB7602051F67E2A400B9D058 /* Icon-App-60x60@1x.png */,
				AB7602061F67E2A400B9D058 /* Icon-App-60x60@2x.png */,
				AB7602071F67E2A400B9D058 /* Icon-App-60x60@3x.png */,
				AB7602081F67E2A400B9D058 /* Icon-App-72x72@1x.png */,
				AB7602091F67E2A400B9D058 /* Icon-App-72x72@2x.png */,
				AB76020A1F67E2A400B9D058 /* Icon-App-76x76@1x.png */,
				AB76020B1F67E2A400B9D058 /* Icon-App-76x76@2x.png */,
				AB76020C1F67E2A400B9D058 /* Icon-App-76x76@3x.png */,
				AB76020D1F67E2A400B9D058 /* Icon-App-83.5x83.5@2x.png */,
				AB76020E1F67E2A400B9D058 /* Icon-Small-50x50@1x.png */,
				AB76020F1F67E2A400B9D058 /* Icon-Small-50x50@2x.png */,
			);
			name = icon;
			sourceTree = "<group>";
		};
		AB794E7E1F56934400325804 /* images */ = {
			isa = PBXGroup;
			children = (
				AB7601F91F67E27000B9D058 /* icon */,
				AB7601F71F677D9300B9D058 /* noimage.jpg */,
				ABB3B9E51F83CAE50062CE13 /* addIcon.png */,
				AB58D0301F68E86100297375 /* amazon_logo.png */,
				AB58D02E1F68E7EE00297375 /* goo_logo.png */,
				AB794E7F1F56935600325804 /* background.jpg */,
			);
			name = images;
			sourceTree = "<group>";
		};
/* End PBXGroup section */

/* Begin PBXNativeTarget section */
		AB2B9BE41F4D501D00C0D4FB /* SearchEditor */ = {
			isa = PBXNativeTarget;
			buildConfigurationList = AB2B9BF71F4D501D00C0D4FB /* Build configuration list for PBXNativeTarget "SearchEditor" */;
			buildPhases = (
				955B1D178148B37798C50237 /* [CP] Check Pods Manifest.lock */,
				AB2B9BE11F4D501D00C0D4FB /* Sources */,
				AB2B9BE21F4D501D00C0D4FB /* Frameworks */,
				AB2B9BE31F4D501D00C0D4FB /* Resources */,
				70001DB111BFB227C9AF46B7 /* [CP] Embed Pods Frameworks */,
				3482055F467BA5304742720E /* [CP] Copy Pods Resources */,
			);
			buildRules = (
			);
			dependencies = (
			);
			name = SearchEditor;
			productName = SearchEditor;
			productReference = AB2B9BE51F4D501D00C0D4FB /* SearchEditor.app */;
			productType = "com.apple.product-type.application";
		};
/* End PBXNativeTarget section */

/* Begin PBXProject section */
		AB2B9BDD1F4D501D00C0D4FB /* Project object */ = {
			isa = PBXProject;
			attributes = {
				LastSwiftUpdateCheck = 0830;
				LastUpgradeCheck = 0830;
				ORGANIZATIONNAME = nttr;
				TargetAttributes = {
					AB2B9BE41F4D501D00C0D4FB = {
						CreatedOnToolsVersion = 8.3.3;
						ProvisioningStyle = Automatic;
					};
				};
			};
			buildConfigurationList = AB2B9BE01F4D501D00C0D4FB /* Build configuration list for PBXProject "SearchEditor" */;
			compatibilityVersion = "Xcode 3.2";
			developmentRegion = English;
			hasScannedForEncodings = 0;
			knownRegions = (
				en,
				Base,
			);
			mainGroup = AB2B9BDC1F4D501D00C0D4FB;
			productRefGroup = AB2B9BE61F4D501D00C0D4FB /* Products */;
			projectDirPath = "";
			projectRoot = "";
			targets = (
				AB2B9BE41F4D501D00C0D4FB /* SearchEditor */,
			);
		};
/* End PBXProject section */

/* Begin PBXResourcesBuildPhase section */
		AB2B9BE31F4D501D00C0D4FB /* Resources */ = {
			isa = PBXResourcesBuildPhase;
			buildActionMask = 2147483647;
			files = (
				AB7602181F67E2A400B9D058 /* Icon-App-40x40@3x.png in Resources */,
				AB7602101F67E2A400B9D058 /* Icon-App-20x20@1x.png in Resources */,
				AB58D02F1F68E7EE00297375 /* goo_logo.png in Resources */,
				AB2B9BF31F4D501D00C0D4FB /* LaunchScreen.storyboard in Resources */,
				AB7602111F67E2A400B9D058 /* Icon-App-20x20@2x.png in Resources */,
				AB794E801F56935600325804 /* background.jpg in Resources */,
				AB7602191F67E2A400B9D058 /* Icon-App-57x57@1x.png in Resources */,
				AB7601F81F677D9300B9D058 /* noimage.jpg in Resources */,
				AB7602151F67E2A400B9D058 /* Icon-App-29x29@3x.png in Resources */,
				AB7602231F67E2A400B9D058 /* Icon-App-83.5x83.5@2x.png in Resources */,
				AB7602211F67E2A400B9D058 /* Icon-App-76x76@2x.png in Resources */,
				AB7602201F67E2A400B9D058 /* Icon-App-76x76@1x.png in Resources */,
				AB05AA661F81C58B00733C84 /* SiteCollectionViewCell.xib in Resources */,
				AB76021F1F67E2A400B9D058 /* Icon-App-72x72@2x.png in Resources */,
				AB7602241F67E2A400B9D058 /* Icon-Small-50x50@1x.png in Resources */,
				AB76021C1F67E2A400B9D058 /* Icon-App-60x60@2x.png in Resources */,
				ABB3B9E61F83CAE50062CE13 /* addIcon.png in Resources */,
				AB7602141F67E2A400B9D058 /* Icon-App-29x29@2x.png in Resources */,
				AB76021B1F67E2A400B9D058 /* Icon-App-60x60@1x.png in Resources */,
				AB76021D1F67E2A400B9D058 /* Icon-App-60x60@3x.png in Resources */,
				AB7602161F67E2A400B9D058 /* Icon-App-40x40@1x.png in Resources */,
				AB7602131F67E2A400B9D058 /* Icon-App-29x29@1x.png in Resources */,
				AB58D0311F68E86100297375 /* amazon_logo.png in Resources */,
				AB7602221F67E2A400B9D058 /* Icon-App-76x76@3x.png in Resources */,
				AB7602121F67E2A400B9D058 /* Icon-App-20x20@3x.png in Resources */,
				AB7602171F67E2A400B9D058 /* Icon-App-40x40@2x.png in Resources */,
				AB7602251F67E2A400B9D058 /* Icon-Small-50x50@2x.png in Resources */,
				AB2B9BF01F4D501D00C0D4FB /* Assets.xcassets in Resources */,
				AB2B9BEE1F4D501D00C0D4FB /* Main.storyboard in Resources */,
				AB4EB4471F67694C00B2F73E /* MemoTableViewCell.xib in Resources */,
				AB76021E1F67E2A400B9D058 /* Icon-App-72x72@1x.png in Resources */,
				AB76021A1F67E2A400B9D058 /* Icon-App-57x57@2x.png in Resources */,
			);
			runOnlyForDeploymentPostprocessing = 0;
		};
/* End PBXResourcesBuildPhase section */

/* Begin PBXShellScriptBuildPhase section */
		3482055F467BA5304742720E /* [CP] Copy Pods Resources */ = {
			isa = PBXShellScriptBuildPhase;
			buildActionMask = 2147483647;
			files = (
			);
			inputPaths = (
			);
			name = "[CP] Copy Pods Resources";
			outputPaths = (
			);
			runOnlyForDeploymentPostprocessing = 0;
			shellPath = /bin/sh;
			shellScript = "\"${SRCROOT}/Pods/Target Support Files/Pods-SearchEditor/Pods-SearchEditor-resources.sh\"\n";
			showEnvVarsInLog = 0;
		};
		70001DB111BFB227C9AF46B7 /* [CP] Embed Pods Frameworks */ = {
			isa = PBXShellScriptBuildPhase;
			buildActionMask = 2147483647;
			files = (
			);
			inputPaths = (
			);
			name = "[CP] Embed Pods Frameworks";
			outputPaths = (
			);
			runOnlyForDeploymentPostprocessing = 0;
			shellPath = /bin/sh;
			shellScript = "\"${SRCROOT}/Pods/Target Support Files/Pods-SearchEditor/Pods-SearchEditor-frameworks.sh\"\n";
			showEnvVarsInLog = 0;
		};
		955B1D178148B37798C50237 /* [CP] Check Pods Manifest.lock */ = {
			isa = PBXShellScriptBuildPhase;
			buildActionMask = 2147483647;
			files = (
			);
			inputPaths = (
			);
			name = "[CP] Check Pods Manifest.lock";
			outputPaths = (
			);
			runOnlyForDeploymentPostprocessing = 0;
			shellPath = /bin/sh;
			shellScript = "diff \"${PODS_PODFILE_DIR_PATH}/Podfile.lock\" \"${PODS_ROOT}/Manifest.lock\" > /dev/null\nif [ $? != 0 ] ; then\n    # print error to STDERR\n    echo \"error: The sandbox is not in sync with the Podfile.lock. Run 'pod install' or update your CocoaPods installation.\" >&2\n    exit 1\nfi\n";
			showEnvVarsInLog = 0;
		};
/* End PBXShellScriptBuildPhase section */

/* Begin PBXSourcesBuildPhase section */
		AB2B9BE11F4D501D00C0D4FB /* Sources */ = {
			isa = PBXSourcesBuildPhase;
			buildActionMask = 2147483647;
			files = (
				ABC2C9191F7B809A00EB6C59 /* EditSiteDetailViewController.swift in Sources */,
				AB4EB4461F67694C00B2F73E /* MemoTableViewCell.swift in Sources */,
				ABC2C9171F7B7B5700EB6C59 /* EditSitesViewController.swift in Sources */,
				AB05AA651F81C58B00733C84 /* SiteCollectionViewCell.swift in Sources */,
				AB04600A1F6685B6003572EF /* MemoViewController.swift in Sources */,
				AB6789B61F4ED4F200F232EF /* SearchViewController.swift in Sources */,
				AB2B9BEB1F4D501D00C0D4FB /* ViewController.swift in Sources */,
				AB2B9BE91F4D501D00C0D4FB /* AppDelegate.swift in Sources */,
			);
			runOnlyForDeploymentPostprocessing = 0;
		};
/* End PBXSourcesBuildPhase section */

/* Begin PBXVariantGroup section */
		AB2B9BEC1F4D501D00C0D4FB /* Main.storyboard */ = {
			isa = PBXVariantGroup;
			children = (
				AB2B9BED1F4D501D00C0D4FB /* Base */,
			);
			name = Main.storyboard;
			sourceTree = "<group>";
		};
		AB2B9BF11F4D501D00C0D4FB /* LaunchScreen.storyboard */ = {
			isa = PBXVariantGroup;
			children = (
				AB2B9BF21F4D501D00C0D4FB /* Base */,
			);
			name = LaunchScreen.storyboard;
			sourceTree = "<group>";
		};
/* End PBXVariantGroup section */

/* Begin XCBuildConfiguration section */
		AB2B9BF51F4D501D00C0D4FB /* Debug */ = {
			isa = XCBuildConfiguration;
			buildSettings = {
				ALWAYS_SEARCH_USER_PATHS = NO;
				CLANG_ANALYZER_NONNULL = YES;
				CLANG_ANALYZER_NUMBER_OBJECT_CONVERSION = YES_AGGRESSIVE;
				CLANG_CXX_LANGUAGE_STANDARD = "gnu++0x";
				CLANG_CXX_LIBRARY = "libc++";
				CLANG_ENABLE_MODULES = YES;
				CLANG_ENABLE_OBJC_ARC = YES;
				CLANG_WARN_BOOL_CONVERSION = YES;
				CLANG_WARN_CONSTANT_CONVERSION = YES;
				CLANG_WARN_DIRECT_OBJC_ISA_USAGE = YES_ERROR;
				CLANG_WARN_DOCUMENTATION_COMMENTS = YES;
				CLANG_WARN_EMPTY_BODY = YES;
				CLANG_WARN_ENUM_CONVERSION = YES;
				CLANG_WARN_INFINITE_RECURSION = YES;
				CLANG_WARN_INT_CONVERSION = YES;
				CLANG_WARN_OBJC_ROOT_CLASS = YES_ERROR;
				CLANG_WARN_SUSPICIOUS_MOVE = YES;
				CLANG_WARN_UNREACHABLE_CODE = YES;
				CLANG_WARN__DUPLICATE_METHOD_MATCH = YES;
				"CODE_SIGN_IDENTITY[sdk=iphoneos*]" = "iPhone Developer";
				COPY_PHASE_STRIP = NO;
				DEBUG_INFORMATION_FORMAT = dwarf;
				ENABLE_STRICT_OBJC_MSGSEND = YES;
				ENABLE_TESTABILITY = YES;
				GCC_C_LANGUAGE_STANDARD = gnu99;
				GCC_DYNAMIC_NO_PIC = NO;
				GCC_NO_COMMON_BLOCKS = YES;
				GCC_OPTIMIZATION_LEVEL = 0;
				GCC_PREPROCESSOR_DEFINITIONS = (
					"DEBUG=1",
					"$(inherited)",
				);
				GCC_WARN_64_TO_32_BIT_CONVERSION = YES;
				GCC_WARN_ABOUT_RETURN_TYPE = YES_ERROR;
				GCC_WARN_UNDECLARED_SELECTOR = YES;
				GCC_WARN_UNINITIALIZED_AUTOS = YES_AGGRESSIVE;
				GCC_WARN_UNUSED_FUNCTION = YES;
				GCC_WARN_UNUSED_VARIABLE = YES;
				IPHONEOS_DEPLOYMENT_TARGET = 10.3;
				MTL_ENABLE_DEBUG_INFO = YES;
				ONLY_ACTIVE_ARCH = YES;
				SDKROOT = iphoneos;
				SWIFT_ACTIVE_COMPILATION_CONDITIONS = DEBUG;
				SWIFT_OPTIMIZATION_LEVEL = "-Onone";
			};
			name = Debug;
		};
		AB2B9BF61F4D501D00C0D4FB /* Release */ = {
			isa = XCBuildConfiguration;
			buildSettings = {
				ALWAYS_SEARCH_USER_PATHS = NO;
				CLANG_ANALYZER_NONNULL = YES;
				CLANG_ANALYZER_NUMBER_OBJECT_CONVERSION = YES_AGGRESSIVE;
				CLANG_CXX_LANGUAGE_STANDARD = "gnu++0x";
				CLANG_CXX_LIBRARY = "libc++";
				CLANG_ENABLE_MODULES = YES;
				CLANG_ENABLE_OBJC_ARC = YES;
				CLANG_WARN_BOOL_CONVERSION = YES;
				CLANG_WARN_CONSTANT_CONVERSION = YES;
				CLANG_WARN_DIRECT_OBJC_ISA_USAGE = YES_ERROR;
				CLANG_WARN_DOCUMENTATION_COMMENTS = YES;
				CLANG_WARN_EMPTY_BODY = YES;
				CLANG_WARN_ENUM_CONVERSION = YES;
				CLANG_WARN_INFINITE_RECURSION = YES;
				CLANG_WARN_INT_CONVERSION = YES;
				CLANG_WARN_OBJC_ROOT_CLASS = YES_ERROR;
				CLANG_WARN_SUSPICIOUS_MOVE = YES;
				CLANG_WARN_UNREACHABLE_CODE = YES;
				CLANG_WARN__DUPLICATE_METHOD_MATCH = YES;
				"CODE_SIGN_IDENTITY[sdk=iphoneos*]" = "iPhone Developer";
				COPY_PHASE_STRIP = NO;
				DEBUG_INFORMATION_FORMAT = "dwarf-with-dsym";
				ENABLE_NS_ASSERTIONS = NO;
				ENABLE_STRICT_OBJC_MSGSEND = YES;
				GCC_C_LANGUAGE_STANDARD = gnu99;
				GCC_NO_COMMON_BLOCKS = YES;
				GCC_WARN_64_TO_32_BIT_CONVERSION = YES;
				GCC_WARN_ABOUT_RETURN_TYPE = YES_ERROR;
				GCC_WARN_UNDECLARED_SELECTOR = YES;
				GCC_WARN_UNINITIALIZED_AUTOS = YES_AGGRESSIVE;
				GCC_WARN_UNUSED_FUNCTION = YES;
				GCC_WARN_UNUSED_VARIABLE = YES;
				IPHONEOS_DEPLOYMENT_TARGET = 10.3;
				MTL_ENABLE_DEBUG_INFO = NO;
				SDKROOT = iphoneos;
				SWIFT_OPTIMIZATION_LEVEL = "-Owholemodule";
				VALIDATE_PRODUCT = YES;
			};
			name = Release;
		};
		AB2B9BF81F4D501D00C0D4FB /* Debug */ = {
			isa = XCBuildConfiguration;
			baseConfigurationReference = 8478717D2665A10B118CB845 /* Pods-SearchEditor.debug.xcconfig */;
			buildSettings = {
				ASSETCATALOG_COMPILER_APPICON_NAME = AppIcon;
				INFOPLIST_FILE = SearchEditor/Info.plist;
				LD_RUNPATH_SEARCH_PATHS = "$(inherited) @executable_path/Frameworks";
				PRODUCT_BUNDLE_IDENTIFIER = tsukushi.com.SearchEditor;
				PRODUCT_NAME = "$(TARGET_NAME)";
				SWIFT_VERSION = 3.0;
			};
			name = Debug;
		};
		AB2B9BF91F4D501D00C0D4FB /* Release */ = {
			isa = XCBuildConfiguration;
			baseConfigurationReference = D0D5381CCCD61DDB025D91EE /* Pods-SearchEditor.release.xcconfig */;
			buildSettings = {
				ASSETCATALOG_COMPILER_APPICON_NAME = AppIcon;
				INFOPLIST_FILE = SearchEditor/Info.plist;
				LD_RUNPATH_SEARCH_PATHS = "$(inherited) @executable_path/Frameworks";
				PRODUCT_BUNDLE_IDENTIFIER = tsukushi.com.SearchEditor;
				PRODUCT_NAME = "$(TARGET_NAME)";
				SWIFT_VERSION = 3.0;
			};
			name = Release;
		};
/* End XCBuildConfiguration section */

/* Begin XCConfigurationList section */
		AB2B9BE01F4D501D00C0D4FB /* Build configuration list for PBXProject "SearchEditor" */ = {
			isa = XCConfigurationList;
			buildConfigurations = (
				AB2B9BF51F4D501D00C0D4FB /* Debug */,
				AB2B9BF61F4D501D00C0D4FB /* Release */,
			);
			defaultConfigurationIsVisible = 0;
			defaultConfigurationName = Release;
		};
		AB2B9BF71F4D501D00C0D4FB /* Build configuration list for PBXNativeTarget "SearchEditor" */ = {
			isa = XCConfigurationList;
			buildConfigurations = (
				AB2B9BF81F4D501D00C0D4FB /* Debug */,
				AB2B9BF91F4D501D00C0D4FB /* Release */,
			);
			defaultConfigurationIsVisible = 0;
			defaultConfigurationName = Release;
		};
/* End XCConfigurationList section */
	};
	rootObject = AB2B9BDD1F4D501D00C0D4FB /* Project object */;
}
